
Microsoft Visual Studio Solution File, Format Version 12.00
# Visual Studio Version 16
VisualStudioVersion = 16.0.29509.3
MinimumVisualStudioVersion = 10.0.40219.1
Project("{FAE04EC0-301F-11D3-BF4B-00C04F79EFBC}") = "CMTest.Android", "CMTest.Android\CMTest.Android.csproj", "{B0AC8114-4F60-4C07-ADC7-5F5DDB7EC406}"
EndProject
Project("{FAE04EC0-301F-11D3-BF4B-00C04F79EFBC}") = "CMTest.iOS", "CMTest.iOS\CMTest.iOS.csproj", "{04740895-708A-488C-814A-19B48E605B7B}"
EndProject
Project("{FAE04EC0-301F-11D3-BF4B-00C04F79EFBC}") = "CMTest", "CMTest\CMTest.csproj", "{011C0D58-065A-4964-9048-6AC56350D904}"
EndProject
Global
	GlobalSection(SolutionConfigurationPlatforms) = preSolution
		Debug|Any CPU = Debug|Any CPU
		Debug|iPhone = Debug|iPhone
		Debug|iPhoneSimulator = Debug|iPhoneSimulator
		Release|Any CPU = Release|Any CPU
		Release|iPhone = Release|iPhone
		Release|iPhoneSimulator = Release|iPhoneSimulator
	EndGlobalSection
	GlobalSection(ProjectConfigurationPlatforms) = postSolution
		{B0AC8114-4F60-4C07-ADC7-5F5DDB7EC406}.Debug|Any CPU.ActiveCfg = Debug|Any CPU
		{B0AC8114-4F60-4C07-ADC7-5F5DDB7EC406}.Debug|Any CPU.Build.0 = Debug|Any CPU
		{B0AC8114-4F60-4C07-ADC7-5F5DDB7EC406}.Debug|Any CPU.Deploy.0 = Debug|Any CPU
		{B0AC8114-4F60-4C07-ADC7-5F5DDB7EC406}.Debug|iPhone.ActiveCfg = Debug|Any CPU
		{B0AC8114-4F60-4C07-ADC7-5F5DDB7EC406}.Debug|iPhone.Build.0 = Debug|Any CPU
		{B0AC8114-4F60-4C07-ADC7-5F5DDB7EC406}.Debug|iPhone.Deploy.0 = Debug|Any CPU
		{B0AC8114-4F60-4C07-ADC7-5F5DDB7EC406}.Debug|iPhoneSimulator.ActiveCfg = Debug|Any CPU
		{B0AC8114-4F60-4C07-ADC7-5F5DDB7EC406}.Debug|iPhoneSimulator.Build.0 = Debug|Any CPU
		{B0AC8114-4F60-4C07-ADC7-5F5DDB7EC406}.Debug|iPhoneSimulator.Deploy.0 = Debug|Any CPU
		{B0AC8114-4F60-4C07-ADC7-5F5DDB7EC406}.Release|Any CPU.ActiveCfg = Release|Any CPU
		{B0AC8114-4F60-4C07-ADC7-5F5DDB7EC406}.Release|Any CPU.Build.0 = Release|Any CPU
		{B0AC8114-4F60-4C07-ADC7-5F5DDB7EC406}.Release|Any CPU.Deploy.0 = Release|Any CPU
		{B0AC8114-4F60-4C07-ADC7-5F5DDB7EC406}.Release|iPhone.ActiveCfg = Release|Any CPU
		{B0AC8114-4F60-4C07-ADC7-5F5DDB7EC406}.Release|iPhone.Build.0 = Release|Any CPU
		{B0AC8114-4F60-4C07-ADC7-5F5DDB7EC406}.Release|iPhone.Deploy.0 = Release|Any CPU
		{B0AC8114-4F60-4C07-ADC7-5F5DDB7EC406}.Release|iPhoneSimulator.ActiveCfg = Release|Any CPU
		{B0AC8114-4F60-4C07-ADC7-5F5DDB7EC406}.Release|iPhoneSimulator.Build.0 = Release|Any CPU
		{B0AC8114-4F60-4C07-ADC7-5F5DDB7EC406}.Release|iPhoneSimulator.Deploy.0 = Release|Any CPU
		{04740895-708A-488C-814A-19B48E605B7B}.Debug|Any CPU.ActiveCfg = Debug|iPhoneSimulator
		{04740895-708A-488C-814A-19B48E605B7B}.Debug|Any CPU.Build.0 = Debug|iPhoneSimulator
		{04740895-708A-488C-814A-19B48E605B7B}.Debug|Any CPU.Deploy.0 = Debug|iPhoneSimulator
		{04740895-708A-488C-814A-19B48E605B7B}.Debug|iPhone.ActiveCfg = Debug|iPhone
		{04740895-708A-488C-814A-19B48E605B7B}.Debug|iPhone.Build.0 = Debug|iPhone
		{04740895-708A-488C-814A-19B48E605B7B}.Debug|iPhone.Deploy.0 = Debug|iPhone
		{04740895-708A-488C-814A-19B48E605B7B}.Debug|iPhoneSimulator.ActiveCfg = Debug|iPhoneSimulator
		{04740895-708A-488C-814A-19B48E605B7B}.Debug|iPhoneSimulator.Build.0 = Debug|iPhoneSimulator
		{04740895-708A-488C-814A-19B48E605B7B}.Debug|iPhoneSimulator.Deploy.0 = Debug|iPhoneSimulator
		{04740895-708A-488C-814A-19B48E605B7B}.Release|Any CPU.ActiveCfg = Release|iPhone
		{04740895-708A-488C-814A-19B48E605B7B}.Release|Any CPU.Build.0 = Release|iPhone
		{04740895-708A-488C-814A-19B48E605B7B}.Release|Any CPU.Deploy.0 = Release|iPhone
		{04740895-708A-488C-814A-19B48E605B7B}.Release|iPhone.ActiveCfg = Release|iPhone
		{04740895-708A-488C-814A-19B48E605B7B}.Release|iPhone.Build.0 = Release|iPhone
		{04740895-708A-488C-814A-19B48E605B7B}.Release|iPhone.Deploy.0 = Release|iPhone
		{04740895-708A-488C-814A-19B48E605B7B}.Release|iPhoneSimulator.ActiveCfg = Release|iPhoneSimulator
		{04740895-708A-488C-814A-19B48E605B7B}.Release|iPhoneSimulator.Build.0 = Release|iPhoneSimulator
		{04740895-708A-488C-814A-19B48E605B7B}.Release|iPhoneSimulator.Deploy.0 = Release|iPhoneSimulator
		{011C0D58-065A-4964-9048-6AC56350D904}.Debug|Any CPU.ActiveCfg = Debug|Any CPU
		{011C0D58-065A-4964-9048-6AC56350D904}.Debug|Any CPU.Build.0 = Debug|Any CPU
		{011C0D58-065A-4964-9048-6AC56350D904}.Debug|Any CPU.Deploy.0 = Debug|Any CPU
		{011C0D58-065A-4964-9048-6AC56350D904}.Debug|iPhone.ActiveCfg = Debug|Any CPU
		{011C0D58-065A-4964-9048-6AC56350D904}.Debug|iPhone.Build.0 = Debug|Any CPU
		{011C0D58-065A-4964-9048-6AC56350D904}.Debug|iPhone.Deploy.0 = Debug|Any CPU
		{011C0D58-065A-4964-9048-6AC56350D904}.Debug|iPhoneSimulator.ActiveCfg = Debug|Any CPU
		{011C0D58-065A-4964-9048-6AC56350D904}.Debug|iPhoneSimulator.Build.0 = Debug|Any CPU
		{011C0D58-065A-4964-9048-6AC56350D904}.Debug|iPhoneSimulator.Deploy.0 = Debug|Any CPU
		{011C0D58-065A-4964-9048-6AC56350D904}.Release|Any CPU.ActiveCfg = Release|Any CPU
		{011C0D58-065A-4964-9048-6AC56350D904}.Release|Any CPU.Build.0 = Release|Any CPU
		{011C0D58-065A-4964-9048-6AC56350D904}.Release|Any CPU.Deploy.0 = Release|Any CPU
		{011C0D58-065A-4964-9048-6AC56350D904}.Release|iPhone.ActiveCfg = Release|Any CPU
		{011C0D58-065A-4964-9048-6AC56350D904}.Release|iPhone.Build.0 = Release|Any CPU
		{011C0D58-065A-4964-9048-6AC56350D904}.Release|iPhone.Deploy.0 = Release|Any CPU
		{011C0D58-065A-4964-9048-6AC56350D904}.Release|iPhoneSimulator.ActiveCfg = Release|Any CPU
		{011C0D58-065A-4964-9048-6AC56350D904}.Release|iPhoneSimulator.Build.0 = Release|Any CPU
		{011C0D58-065A-4964-9048-6AC56350D904}.Release|iPhoneSimulator.Deploy.0 = Release|Any CPU
	EndGlobalSection
	GlobalSection(SolutionProperties) = preSolution
		HideSolutionNode = FALSE
	EndGlobalSection
	GlobalSection(ExtensibilityGlobals) = postSolution
		SolutionGuid = {184D33B1-4A61-44D7-BE41-8FDB4E9ED51D}
	EndGlobalSection
EndGlobal
